
Microsoft Visual Studio Solution File, Format Version 12.00
# Visual Studio Version 17
VisualStudioVersion = 17.0.31903.59
MinimumVisualStudioVersion = 10.0.40219.1
Project("{FAE04EC0-301F-11D3-BF4B-00C04F79EFBC}") = "Neon.DbSyncService", "Neon.DbSyncService\Neon.DbSyncService.csproj", "{0AFFC060-20D1-4AD8-A7C4-FE0C9530CA9C}"
EndProject
Project("{FAE04EC0-301F-11D3-BF4B-00C04F79EFBC}") = "Neon.Account.Api", "Neon.Account.Api\Neon.Account.Api.csproj", "{ABA66589-51F7-41E4-9655-5D6681BF899F}"
EndProject
Project("{FAE04EC0-301F-11D3-BF4B-00C04F79EFBC}") = "Neon.Emotes.Api", "Neon.Emotes.Api\Neon.Emotes.Api.csproj", "{8BF972A2-A91E-46AC-94FE-563973EA0152}"
EndProject
Project("{FAE04EC0-301F-11D3-BF4B-00C04F79EFBC}") = "Neon.TwitchService", "Neon.TwitchService\Neon.TwitchService.csproj", "{F7F40DD8-70BC-45D3-9D74-E15258AE93F0}"
EndProject
Project("{FAE04EC0-301F-11D3-BF4B-00C04F79EFBC}") = "Neon.Core", "Neon.Core\Neon.Core.csproj", "{14525A47-6240-4B9F-86EB-31E8E399BC10}"
EndProject
Project("{FAE04EC0-301F-11D3-BF4B-00C04F79EFBC}") = "Neon.Persistence", "Neon.Persistence\Neon.Persistence.csproj", "{4C6EC0D0-453B-413E-BBE5-78CA035732E8}"
EndProject
Project("{FAE04EC0-301F-11D3-BF4B-00C04F79EFBC}") = "Neon.TwitchMessageService", "Neon.TwitchMessageService\Neon.TwitchMessageService.csproj", "{F74389D2-E863-4BE3-BBCC-A723C21963A9}"
EndProject
Project("{FAE04EC0-301F-11D3-BF4B-00C04F79EFBC}") = "Neon.Obs.BrowserSource.WebApp", "Neon.Obs.BrowserSource.WebApp\Neon.Obs.BrowserSource.WebApp.csproj", "{4B6D967B-8FA4-40FE-A487-D6E7EBB118D9}"
EndProject
Project("{FAE04EC0-301F-11D3-BF4B-00C04F79EFBC}") = "Neon.TwitchChatbotService", "Neon.TwitchChatbotService\Neon.TwitchChatbotService.csproj", "{04508A57-C91D-43C5-A04C-4AE0004C8888}"
EndProject
Project("{FAE04EC0-301F-11D3-BF4B-00C04F79EFBC}") = "Neon.Persistence.Worker", "Neon.Persistence.Worker\Neon.Persistence.Worker.csproj", "{2ED97C01-6FDA-4BCF-A7B6-779B3E169F4A}"
EndProject
Project("{FAE04EC0-301F-11D3-BF4B-00C04F79EFBC}") = "Neon.WebApp", "Neon.WebApp\Neon.WebApp.csproj", "{CF43E8DB-0391-4ECA-8456-44214D6F34D4}"
EndProject
Project("{FAE04EC0-301F-11D3-BF4B-00C04F79EFBC}") = "Neon.StreamElementsService", "Neon.StreamElementsService\Neon.StreamElementsService.csproj", "{222C6680-A784-4C10-966D-BBF3BEDEF9F2}"
EndProject
Project("{FAE04EC0-301F-11D3-BF4B-00C04F79EFBC}") = "Neon.EmotesService", "Neon.EmotesService\Neon.EmotesService.csproj", "{2F55EB64-AE4A-453E-BE67-81792FFE2FD0}"
EndProject
Global
	GlobalSection(SolutionConfigurationPlatforms) = preSolution
		Debug|Any CPU = Debug|Any CPU
		Release|Any CPU = Release|Any CPU
	EndGlobalSection
	GlobalSection(ProjectConfigurationPlatforms) = postSolution
		{0AFFC060-20D1-4AD8-A7C4-FE0C9530CA9C}.Debug|Any CPU.ActiveCfg = Debug|Any CPU
		{0AFFC060-20D1-4AD8-A7C4-FE0C9530CA9C}.Debug|Any CPU.Build.0 = Debug|Any CPU
		{0AFFC060-20D1-4AD8-A7C4-FE0C9530CA9C}.Release|Any CPU.ActiveCfg = Release|Any CPU
		{0AFFC060-20D1-4AD8-A7C4-FE0C9530CA9C}.Release|Any CPU.Build.0 = Release|Any CPU
		{ABA66589-51F7-41E4-9655-5D6681BF899F}.Debug|Any CPU.ActiveCfg = Debug|Any CPU
		{ABA66589-51F7-41E4-9655-5D6681BF899F}.Debug|Any CPU.Build.0 = Debug|Any CPU
		{ABA66589-51F7-41E4-9655-5D6681BF899F}.Release|Any CPU.ActiveCfg = Release|Any CPU
		{ABA66589-51F7-41E4-9655-5D6681BF899F}.Release|Any CPU.Build.0 = Release|Any CPU
		{8BF972A2-A91E-46AC-94FE-563973EA0152}.Debug|Any CPU.ActiveCfg = Debug|Any CPU
		{8BF972A2-A91E-46AC-94FE-563973EA0152}.Debug|Any CPU.Build.0 = Debug|Any CPU
		{8BF972A2-A91E-46AC-94FE-563973EA0152}.Release|Any CPU.ActiveCfg = Release|Any CPU
		{8BF972A2-A91E-46AC-94FE-563973EA0152}.Release|Any CPU.Build.0 = Release|Any CPU
		{F7F40DD8-70BC-45D3-9D74-E15258AE93F0}.Debug|Any CPU.ActiveCfg = Debug|Any CPU
		{F7F40DD8-70BC-45D3-9D74-E15258AE93F0}.Debug|Any CPU.Build.0 = Debug|Any CPU
		{F7F40DD8-70BC-45D3-9D74-E15258AE93F0}.Release|Any CPU.ActiveCfg = Release|Any CPU
		{F7F40DD8-70BC-45D3-9D74-E15258AE93F0}.Release|Any CPU.Build.0 = Release|Any CPU
		{14525A47-6240-4B9F-86EB-31E8E399BC10}.Debug|Any CPU.ActiveCfg = Debug|Any CPU
		{14525A47-6240-4B9F-86EB-31E8E399BC10}.Debug|Any CPU.Build.0 = Debug|Any CPU
		{14525A47-6240-4B9F-86EB-31E8E399BC10}.Release|Any CPU.ActiveCfg = Release|Any CPU
		{14525A47-6240-4B9F-86EB-31E8E399BC10}.Release|Any CPU.Build.0 = Release|Any CPU
		{4C6EC0D0-453B-413E-BBE5-78CA035732E8}.Debug|Any CPU.ActiveCfg = Debug|Any CPU
		{4C6EC0D0-453B-413E-BBE5-78CA035732E8}.Debug|Any CPU.Build.0 = Debug|Any CPU
		{4C6EC0D0-453B-413E-BBE5-78CA035732E8}.Release|Any CPU.ActiveCfg = Release|Any CPU
		{4C6EC0D0-453B-413E-BBE5-78CA035732E8}.Release|Any CPU.Build.0 = Release|Any CPU
		{F74389D2-E863-4BE3-BBCC-A723C21963A9}.Debug|Any CPU.ActiveCfg = Debug|Any CPU
		{F74389D2-E863-4BE3-BBCC-A723C21963A9}.Debug|Any CPU.Build.0 = Debug|Any CPU
		{F74389D2-E863-4BE3-BBCC-A723C21963A9}.Release|Any CPU.ActiveCfg = Release|Any CPU
		{F74389D2-E863-4BE3-BBCC-A723C21963A9}.Release|Any CPU.Build.0 = Release|Any CPU
		{4B6D967B-8FA4-40FE-A487-D6E7EBB118D9}.Debug|Any CPU.ActiveCfg = Debug|Any CPU
		{4B6D967B-8FA4-40FE-A487-D6E7EBB118D9}.Debug|Any CPU.Build.0 = Debug|Any CPU
		{4B6D967B-8FA4-40FE-A487-D6E7EBB118D9}.Release|Any CPU.ActiveCfg = Release|Any CPU
		{4B6D967B-8FA4-40FE-A487-D6E7EBB118D9}.Release|Any CPU.Build.0 = Release|Any CPU
		{04508A57-C91D-43C5-A04C-4AE0004C8888}.Debug|Any CPU.ActiveCfg = Debug|Any CPU
		{04508A57-C91D-43C5-A04C-4AE0004C8888}.Debug|Any CPU.Build.0 = Debug|Any CPU
		{04508A57-C91D-43C5-A04C-4AE0004C8888}.Release|Any CPU.ActiveCfg = Release|Any CPU
		{04508A57-C91D-43C5-A04C-4AE0004C8888}.Release|Any CPU.Build.0 = Release|Any CPU
		{2ED97C01-6FDA-4BCF-A7B6-779B3E169F4A}.Debug|Any CPU.ActiveCfg = Debug|Any CPU
		{2ED97C01-6FDA-4BCF-A7B6-779B3E169F4A}.Debug|Any CPU.Build.0 = Debug|Any CPU
		{2ED97C01-6FDA-4BCF-A7B6-779B3E169F4A}.Release|Any CPU.ActiveCfg = Release|Any CPU
		{2ED97C01-6FDA-4BCF-A7B6-779B3E169F4A}.Release|Any CPU.Build.0 = Release|Any CPU
		{CF43E8DB-0391-4ECA-8456-44214D6F34D4}.Debug|Any CPU.ActiveCfg = Debug|Any CPU
		{CF43E8DB-0391-4ECA-8456-44214D6F34D4}.Debug|Any CPU.Build.0 = Debug|Any CPU
		{CF43E8DB-0391-4ECA-8456-44214D6F34D4}.Release|Any CPU.ActiveCfg = Release|Any CPU
		{CF43E8DB-0391-4ECA-8456-44214D6F34D4}.Release|Any CPU.Build.0 = Release|Any CPU
		{222C6680-A784-4C10-966D-BBF3BEDEF9F2}.Debug|Any CPU.ActiveCfg = Debug|Any CPU
		{222C6680-A784-4C10-966D-BBF3BEDEF9F2}.Debug|Any CPU.Build.0 = Debug|Any CPU
		{222C6680-A784-4C10-966D-BBF3BEDEF9F2}.Release|Any CPU.ActiveCfg = Release|Any CPU
		{222C6680-A784-4C10-966D-BBF3BEDEF9F2}.Release|Any CPU.Build.0 = Release|Any CPU
		{2F55EB64-AE4A-453E-BE67-81792FFE2FD0}.Debug|Any CPU.ActiveCfg = Debug|Any CPU
		{2F55EB64-AE4A-453E-BE67-81792FFE2FD0}.Debug|Any CPU.Build.0 = Debug|Any CPU
		{2F55EB64-AE4A-453E-BE67-81792FFE2FD0}.Release|Any CPU.ActiveCfg = Release|Any CPU
		{2F55EB64-AE4A-453E-BE67-81792FFE2FD0}.Release|Any CPU.Build.0 = Release|Any CPU
	EndGlobalSection
	GlobalSection(SolutionProperties) = preSolution
		HideSolutionNode = FALSE
	EndGlobalSection
	GlobalSection(ExtensibilityGlobals) = postSolution
		SolutionGuid = {1F29A4D5-2914-4368-86AB-9D93E910E8FC}
	EndGlobalSection
EndGlobal
